
Microsoft Visual Studio Solution File, Format Version 12.00
# Visual Studio Version 17
VisualStudioVersion = 17.2.32616.157
MinimumVisualStudioVersion = 10.0.40219.1
Project("{FAE04EC0-301F-11D3-BF4B-00C04F79EFBC}") = "Assignment", "Assignment.csproj", "{AB28369F-88B6-46C7-A080-A99DF61296DB}"
EndProject
Global
	GlobalSection(SolutionConfigurationPlatforms) = preSolution
		Debug|Any CPU = Debug|Any CPU
		Release|Any CPU = Release|Any CPU
	EndGlobalSection
	GlobalSection(ProjectConfigurationPlatforms) = postSolution
		{AB28369F-88B6-46C7-A080-A99DF61296DB}.Debug|Any CPU.ActiveCfg = Debug|Any CPU
		{AB28369F-88B6-46C7-A080-A99DF61296DB}.Debug|Any CPU.Build.0 = Debug|Any CPU
		{AB28369F-88B6-46C7-A080-A99DF61296DB}.Release|Any CPU.ActiveCfg = Release|Any CPU
		{AB28369F-88B6-46C7-A080-A99DF61296DB}.Release|Any CPU.Build.0 = Release|Any CPU
	EndGlobalSection
	GlobalSection(SolutionProperties) = preSolution
		HideSolutionNode = FALSE
	EndGlobalSection
	GlobalSection(ExtensibilityGlobals) = postSolution
		SolutionGuid = {BF8D8D83-A621-444E-B6D8-CD474C6F3834}
	EndGlobalSection
EndGlobal
