
Microsoft Visual Studio Solution File, Format Version 12.00
# Visual Studio Version 17
VisualStudioVersion = 17.2.32616.157
MinimumVisualStudioVersion = 10.0.40219.1
Project("{FAE04EC0-301F-11D3-BF4B-00C04F79EFBC}") = "AssignmentDay5", "AssignmentDay5.csproj", "{63B655BE-6DC0-4864-8EE6-48D0FCD4F98F}"
EndProject
Global
	GlobalSection(SolutionConfigurationPlatforms) = preSolution
		Debug|Any CPU = Debug|Any CPU
		Release|Any CPU = Release|Any CPU
	EndGlobalSection
	GlobalSection(ProjectConfigurationPlatforms) = postSolution
		{63B655BE-6DC0-4864-8EE6-48D0FCD4F98F}.Debug|Any CPU.ActiveCfg = Debug|Any CPU
		{63B655BE-6DC0-4864-8EE6-48D0FCD4F98F}.Debug|Any CPU.Build.0 = Debug|Any CPU
		{63B655BE-6DC0-4864-8EE6-48D0FCD4F98F}.Release|Any CPU.ActiveCfg = Release|Any CPU
		{63B655BE-6DC0-4864-8EE6-48D0FCD4F98F}.Release|Any CPU.Build.0 = Release|Any CPU
	EndGlobalSection
	GlobalSection(SolutionProperties) = preSolution
		HideSolutionNode = FALSE
	EndGlobalSection
	GlobalSection(ExtensibilityGlobals) = postSolution
		SolutionGuid = {35A7B147-AA5B-4AE6-BE59-A32ADAED31B8}
	EndGlobalSection
EndGlobal
