
Microsoft Visual Studio Solution File, Format Version 12.00
# Visual Studio Version 17
VisualStudioVersion = 17.2.32616.157
MinimumVisualStudioVersion = 10.0.40219.1
Project("{FAE04EC0-301F-11D3-BF4B-00C04F79EFBC}") = "AssignmentDay8", "AssignmentDay8.csproj", "{1A8D0ED7-21D8-4031-8ECF-CD7D1836D7AD}"
EndProject
Global
	GlobalSection(SolutionConfigurationPlatforms) = preSolution
		Debug|Any CPU = Debug|Any CPU
		Release|Any CPU = Release|Any CPU
	EndGlobalSection
	GlobalSection(ProjectConfigurationPlatforms) = postSolution
		{1A8D0ED7-21D8-4031-8ECF-CD7D1836D7AD}.Debug|Any CPU.ActiveCfg = Debug|Any CPU
		{1A8D0ED7-21D8-4031-8ECF-CD7D1836D7AD}.Debug|Any CPU.Build.0 = Debug|Any CPU
		{1A8D0ED7-21D8-4031-8ECF-CD7D1836D7AD}.Release|Any CPU.ActiveCfg = Release|Any CPU
		{1A8D0ED7-21D8-4031-8ECF-CD7D1836D7AD}.Release|Any CPU.Build.0 = Release|Any CPU
	EndGlobalSection
	GlobalSection(SolutionProperties) = preSolution
		HideSolutionNode = FALSE
	EndGlobalSection
	GlobalSection(ExtensibilityGlobals) = postSolution
		SolutionGuid = {9C9249EB-A76F-434B-B650-BE6C14014D67}
	EndGlobalSection
EndGlobal
