
Microsoft Visual Studio Solution File, Format Version 12.00
# Visual Studio Version 17
VisualStudioVersion = 17.2.32616.157
MinimumVisualStudioVersion = 10.0.40219.1
Project("{FAE04EC0-301F-11D3-BF4B-00C04F79EFBC}") = "StringAssignment", "StringAssignment.csproj", "{229B1ED7-9BEA-4600-AFB3-B530E211DEAC}"
EndProject
Global
	GlobalSection(SolutionConfigurationPlatforms) = preSolution
		Debug|Any CPU = Debug|Any CPU
		Release|Any CPU = Release|Any CPU
	EndGlobalSection
	GlobalSection(ProjectConfigurationPlatforms) = postSolution
		{229B1ED7-9BEA-4600-AFB3-B530E211DEAC}.Debug|Any CPU.ActiveCfg = Debug|Any CPU
		{229B1ED7-9BEA-4600-AFB3-B530E211DEAC}.Debug|Any CPU.Build.0 = Debug|Any CPU
		{229B1ED7-9BEA-4600-AFB3-B530E211DEAC}.Release|Any CPU.ActiveCfg = Release|Any CPU
		{229B1ED7-9BEA-4600-AFB3-B530E211DEAC}.Release|Any CPU.Build.0 = Release|Any CPU
	EndGlobalSection
	GlobalSection(SolutionProperties) = preSolution
		HideSolutionNode = FALSE
	EndGlobalSection
	GlobalSection(ExtensibilityGlobals) = postSolution
		SolutionGuid = {8777A381-C7A4-4269-85CD-5FF00F618804}
	EndGlobalSection
EndGlobal
