
Microsoft Visual Studio Solution File, Format Version 12.00
# Visual Studio Version 17
VisualStudioVersion = 17.2.32616.157
MinimumVisualStudioVersion = 10.0.40219.1
Project("{FAE04EC0-301F-11D3-BF4B-00C04F79EFBC}") = "MovieLibrary", "MovieLibrary\MovieLibrary.csproj", "{2FD68BC7-67F8-4F3F-ACCD-EFC3586F7440}"
EndProject
Global
	GlobalSection(SolutionConfigurationPlatforms) = preSolution
		Debug|Any CPU = Debug|Any CPU
		Release|Any CPU = Release|Any CPU
	EndGlobalSection
	GlobalSection(ProjectConfigurationPlatforms) = postSolution
		{2FD68BC7-67F8-4F3F-ACCD-EFC3586F7440}.Debug|Any CPU.ActiveCfg = Debug|Any CPU
		{2FD68BC7-67F8-4F3F-ACCD-EFC3586F7440}.Debug|Any CPU.Build.0 = Debug|Any CPU
		{2FD68BC7-67F8-4F3F-ACCD-EFC3586F7440}.Release|Any CPU.ActiveCfg = Release|Any CPU
		{2FD68BC7-67F8-4F3F-ACCD-EFC3586F7440}.Release|Any CPU.Build.0 = Release|Any CPU
	EndGlobalSection
	GlobalSection(SolutionProperties) = preSolution
		HideSolutionNode = FALSE
	EndGlobalSection
	GlobalSection(ExtensibilityGlobals) = postSolution
		SolutionGuid = {85E08C80-52B3-4332-9184-6B9E5A77F769}
	EndGlobalSection
EndGlobal
