
Microsoft Visual Studio Solution File, Format Version 12.00
# Visual Studio Version 17
VisualStudioVersion = 17.2.32616.157
MinimumVisualStudioVersion = 10.0.40219.1
Project("{FAE04EC0-301F-11D3-BF4B-00C04F79EFBC}") = "AssDay2", "AssDay2.csproj", "{9583DF83-3D99-42B1-BD76-5E62359C37DA}"
EndProject
Global
	GlobalSection(SolutionConfigurationPlatforms) = preSolution
		Debug|Any CPU = Debug|Any CPU
		Release|Any CPU = Release|Any CPU
	EndGlobalSection
	GlobalSection(ProjectConfigurationPlatforms) = postSolution
		{9583DF83-3D99-42B1-BD76-5E62359C37DA}.Debug|Any CPU.ActiveCfg = Debug|Any CPU
		{9583DF83-3D99-42B1-BD76-5E62359C37DA}.Debug|Any CPU.Build.0 = Debug|Any CPU
		{9583DF83-3D99-42B1-BD76-5E62359C37DA}.Release|Any CPU.ActiveCfg = Release|Any CPU
		{9583DF83-3D99-42B1-BD76-5E62359C37DA}.Release|Any CPU.Build.0 = Release|Any CPU
	EndGlobalSection
	GlobalSection(SolutionProperties) = preSolution
		HideSolutionNode = FALSE
	EndGlobalSection
	GlobalSection(ExtensibilityGlobals) = postSolution
		SolutionGuid = {22F0CC34-9CCC-445F-B3A0-3B1CDA8E7266}
	EndGlobalSection
EndGlobal
